// !$*UTF8*$!
{
	archiveVersion = 1;
	classes = {
	};
	objectVersion = 50;
	objects = {

/* Begin PBXBuildFile section */
		B5E8B5C423D8444D00B4B5A6 /* AppDelegate.swift in Sources */ = {isa = PBXBuildFile; fileRef = B5E8B5C323D8444D00B4B5A6 /* AppDelegate.swift */; };
		B5E8B5C623D8444D00B4B5A6 /* SceneDelegate.swift in Sources */ = {isa = PBXBuildFile; fileRef = B5E8B5C523D8444D00B4B5A6 /* SceneDelegate.swift */; };
		B5E8B5C823D8444D00B4B5A6 /* ViewController.swift in Sources */ = {isa = PBXBuildFile; fileRef = B5E8B5C723D8444D00B4B5A6 /* ViewController.swift */; };
		B5E8B5CB23D8444D00B4B5A6 /* Main.storyboard in Resources */ = {isa = PBXBuildFile; fileRef = B5E8B5C923D8444D00B4B5A6 /* Main.storyboard */; };
		B5E8B5CD23D8444F00B4B5A6 /* Assets.xcassets in Resources */ = {isa = PBXBuildFile; fileRef = B5E8B5CC23D8444F00B4B5A6 /* Assets.xcassets */; };
		B5E8B5D023D8444F00B4B5A6 /* LaunchScreen.storyboard in Resources */ = {isa = PBXBuildFile; fileRef = B5E8B5CE23D8444F00B4B5A6 /* LaunchScreen.storyboard */; };
		B5E8B5D823D852FB00B4B5A6 /* DAO.swift in Sources */ = {isa = PBXBuildFile; fileRef = B5E8B5D723D852FB00B4B5A6 /* DAO.swift */; };
		B5E8B5DA23D853CA00B4B5A6 /* Post.swift in Sources */ = {isa = PBXBuildFile; fileRef = B5E8B5D923D853CA00B4B5A6 /* Post.swift */; };
		B5E8B5DC23D85E9100B4B5A6 /* PostCollectionViewCell.swift in Sources */ = {isa = PBXBuildFile; fileRef = B5E8B5DB23D85E9100B4B5A6 /* PostCollectionViewCell.swift */; };
		B5E8B5DE23D87E1200B4B5A6 /* User.swift in Sources */ = {isa = PBXBuildFile; fileRef = B5E8B5DD23D87E1100B4B5A6 /* User.swift */; };
		B5E8B5E023D87E3F00B4B5A6 /* DetailViewController.swift in Sources */ = {isa = PBXBuildFile; fileRef = B5E8B5DF23D87E3F00B4B5A6 /* DetailViewController.swift */; };
		B5E8B5E423D9D7F000B4B5A6 /* Settings.bundle in Resources */ = {isa = PBXBuildFile; fileRef = B5E8B5E323D9D7F000B4B5A6 /* Settings.bundle */; };
		B5E8B5E623D9E16A00B4B5A6 /* LoginViewController.swift in Sources */ = {isa = PBXBuildFile; fileRef = B5E8B5E523D9E16A00B4B5A6 /* LoginViewController.swift */; };
/* End PBXBuildFile section */

/* Begin PBXFileReference section */
		B5E8B5C023D8444D00B4B5A6 /* TestRest.app */ = {isa = PBXFileReference; explicitFileType = wrapper.application; includeInIndex = 0; path = TestRest.app; sourceTree = BUILT_PRODUCTS_DIR; };
		B5E8B5C323D8444D00B4B5A6 /* AppDelegate.swift */ = {isa = PBXFileReference; lastKnownFileType = sourcecode.swift; path = AppDelegate.swift; sourceTree = "<group>"; };
		B5E8B5C523D8444D00B4B5A6 /* SceneDelegate.swift */ = {isa = PBXFileReference; lastKnownFileType = sourcecode.swift; path = SceneDelegate.swift; sourceTree = "<group>"; };
		B5E8B5C723D8444D00B4B5A6 /* ViewController.swift */ = {isa = PBXFileReference; lastKnownFileType = sourcecode.swift; path = ViewController.swift; sourceTree = "<group>"; };
		B5E8B5CA23D8444D00B4B5A6 /* Base */ = {isa = PBXFileReference; lastKnownFileType = file.storyboard; name = Base; path = Base.lproj/Main.storyboard; sourceTree = "<group>"; };
		B5E8B5CC23D8444F00B4B5A6 /* Assets.xcassets */ = {isa = PBXFileReference; lastKnownFileType = folder.assetcatalog; path = Assets.xcassets; sourceTree = "<group>"; };
		B5E8B5CF23D8444F00B4B5A6 /* Base */ = {isa = PBXFileReference; lastKnownFileType = file.storyboard; name = Base; path = Base.lproj/LaunchScreen.storyboard; sourceTree = "<group>"; };
		B5E8B5D123D8444F00B4B5A6 /* Info.plist */ = {isa = PBXFileReference; lastKnownFileType = text.plist.xml; path = Info.plist; sourceTree = "<group>"; };
		B5E8B5D723D852FB00B4B5A6 /* DAO.swift */ = {isa = PBXFileReference; lastKnownFileType = sourcecode.swift; path = DAO.swift; sourceTree = "<group>"; };
		B5E8B5D923D853CA00B4B5A6 /* Post.swift */ = {isa = PBXFileReference; lastKnownFileType = sourcecode.swift; path = Post.swift; sourceTree = "<group>"; };
		B5E8B5DB23D85E9100B4B5A6 /* PostCollectionViewCell.swift */ = {isa = PBXFileReference; lastKnownFileType = sourcecode.swift; path = PostCollectionViewCell.swift; sourceTree = "<group>"; };
		B5E8B5DD23D87E1100B4B5A6 /* User.swift */ = {isa = PBXFileReference; lastKnownFileType = sourcecode.swift; path = User.swift; sourceTree = "<group>"; };
		B5E8B5DF23D87E3F00B4B5A6 /* DetailViewController.swift */ = {isa = PBXFileReference; lastKnownFileType = sourcecode.swift; path = DetailViewController.swift; sourceTree = "<group>"; };
		B5E8B5E323D9D7F000B4B5A6 /* Settings.bundle */ = {isa = PBXFileReference; lastKnownFileType = "wrapper.plug-in"; path = Settings.bundle; sourceTree = "<group>"; };
		B5E8B5E523D9E16A00B4B5A6 /* LoginViewController.swift */ = {isa = PBXFileReference; lastKnownFileType = sourcecode.swift; path = LoginViewController.swift; sourceTree = "<group>"; };
/* End PBXFileReference section */

/* Begin PBXFrameworksBuildPhase section */
		B5E8B5BD23D8444D00B4B5A6 /* Frameworks */ = {
			isa = PBXFrameworksBuildPhase;
			buildActionMask = 2147483647;
			files = (
			);
			runOnlyForDeploymentPostprocessing = 0;
		};
/* End PBXFrameworksBuildPhase section */

/* Begin PBXGroup section */
		B5E8B5B723D8444D00B4B5A6 = {
			isa = PBXGroup;
			children = (
				B5E8B5E323D9D7F000B4B5A6 /* Settings.bundle */,
				B5E8B5C223D8444D00B4B5A6 /* TestRest */,
				B5E8B5C123D8444D00B4B5A6 /* Products */,
			);
			sourceTree = "<group>";
		};
		B5E8B5C123D8444D00B4B5A6 /* Products */ = {
			isa = PBXGroup;
			children = (
				B5E8B5C023D8444D00B4B5A6 /* TestRest.app */,
			);
			name = Products;
			sourceTree = "<group>";
		};
		B5E8B5C223D8444D00B4B5A6 /* TestRest */ = {
			isa = PBXGroup;
			children = (
				B5E8B5C323D8444D00B4B5A6 /* AppDelegate.swift */,
				B5E8B5C523D8444D00B4B5A6 /* SceneDelegate.swift */,
				B5E8B5C723D8444D00B4B5A6 /* ViewController.swift */,
				B5E8B5C923D8444D00B4B5A6 /* Main.storyboard */,
				B5E8B5CC23D8444F00B4B5A6 /* Assets.xcassets */,
				B5E8B5CE23D8444F00B4B5A6 /* LaunchScreen.storyboard */,
				B5E8B5D123D8444F00B4B5A6 /* Info.plist */,
				B5E8B5D723D852FB00B4B5A6 /* DAO.swift */,
				B5E8B5D923D853CA00B4B5A6 /* Post.swift */,
				B5E8B5DB23D85E9100B4B5A6 /* PostCollectionViewCell.swift */,
				B5E8B5DD23D87E1100B4B5A6 /* User.swift */,
				B5E8B5DF23D87E3F00B4B5A6 /* DetailViewController.swift */,
				B5E8B5E523D9E16A00B4B5A6 /* LoginViewController.swift */,
			);
			path = TestRest;
			sourceTree = "<group>";
		};
/* End PBXGroup section */

/* Begin PBXNativeTarget section */
		B5E8B5BF23D8444D00B4B5A6 /* TestRest */ = {
			isa = PBXNativeTarget;
			buildConfigurationList = B5E8B5D423D8444F00B4B5A6 /* Build configuration list for PBXNativeTarget "TestRest" */;
			buildPhases = (
				B5E8B5BC23D8444D00B4B5A6 /* Sources */,
				B5E8B5BD23D8444D00B4B5A6 /* Frameworks */,
				B5E8B5BE23D8444D00B4B5A6 /* Resources */,
			);
			buildRules = (
			);
			dependencies = (
			);
			name = TestRest;
			productName = TestRest;
			productReference = B5E8B5C023D8444D00B4B5A6 /* TestRest.app */;
			productType = "com.apple.product-type.application";
		};
/* End PBXNativeTarget section */

/* Begin PBXProject section */
		B5E8B5B823D8444D00B4B5A6 /* Project object */ = {
			isa = PBXProject;
			attributes = {
				LastSwiftUpdateCheck = 1110;
				LastUpgradeCheck = 1110;
				ORGANIZATIONNAME = EhB;
				TargetAttributes = {
					B5E8B5BF23D8444D00B4B5A6 = {
						CreatedOnToolsVersion = 11.1;
					};
				};
			};
			buildConfigurationList = B5E8B5BB23D8444D00B4B5A6 /* Build configuration list for PBXProject "TestRest" */;
			compatibilityVersion = "Xcode 9.3";
			developmentRegion = en;
			hasScannedForEncodings = 0;
			knownRegions = (
				en,
				Base,
			);
			mainGroup = B5E8B5B723D8444D00B4B5A6;
			productRefGroup = B5E8B5C123D8444D00B4B5A6 /* Products */;
			projectDirPath = "";
			projectRoot = "";
			targets = (
				B5E8B5BF23D8444D00B4B5A6 /* TestRest */,
			);
		};
/* End PBXProject section */

/* Begin PBXResourcesBuildPhase section */
		B5E8B5BE23D8444D00B4B5A6 /* Resources */ = {
			isa = PBXResourcesBuildPhase;
			buildActionMask = 2147483647;
			files = (
				B5E8B5E423D9D7F000B4B5A6 /* Settings.bundle in Resources */,
				B5E8B5D023D8444F00B4B5A6 /* LaunchScreen.storyboard in Resources */,
				B5E8B5CD23D8444F00B4B5A6 /* Assets.xcassets in Resources */,
				B5E8B5CB23D8444D00B4B5A6 /* Main.storyboard in Resources */,
			);
			runOnlyForDeploymentPostprocessing = 0;
		};
/* End PBXResourcesBuildPhase section */

/* Begin PBXSourcesBuildPhase section */
		B5E8B5BC23D8444D00B4B5A6 /* Sources */ = {
			isa = PBXSourcesBuildPhase;
			buildActionMask = 2147483647;
			files = (
				B5E8B5E623D9E16A00B4B5A6 /* LoginViewController.swift in Sources */,
				B5E8B5D823D852FB00B4B5A6 /* DAO.swift in Sources */,
				B5E8B5C823D8444D00B4B5A6 /* ViewController.swift in Sources */,
				B5E8B5DC23D85E9100B4B5A6 /* PostCollectionViewCell.swift in Sources */,
				B5E8B5C423D8444D00B4B5A6 /* AppDelegate.swift in Sources */,
				B5E8B5C623D8444D00B4B5A6 /* SceneDelegate.swift in Sources */,
				B5E8B5DA23D853CA00B4B5A6 /* Post.swift in Sources */,
				B5E8B5DE23D87E1200B4B5A6 /* User.swift in Sources */,
				B5E8B5E023D87E3F00B4B5A6 /* DetailViewController.swift in Sources */,
			);
			runOnlyForDeploymentPostprocessing = 0;
		};
/* End PBXSourcesBuildPhase section */

/* Begin PBXVariantGroup section */
		B5E8B5C923D8444D00B4B5A6 /* Main.storyboard */ = {
			isa = PBXVariantGroup;
			children = (
				B5E8B5CA23D8444D00B4B5A6 /* Base */,
			);
			name = Main.storyboard;
			sourceTree = "<group>";
		};
		B5E8B5CE23D8444F00B4B5A6 /* LaunchScreen.storyboard */ = {
			isa = PBXVariantGroup;
			children = (
				B5E8B5CF23D8444F00B4B5A6 /* Base */,
			);
			name = LaunchScreen.storyboard;
			sourceTree = "<group>";
		};
/* End PBXVariantGroup section */

/* Begin XCBuildConfiguration section */
		B5E8B5D223D8444F00B4B5A6 /* Debug */ = {
			isa = XCBuildConfiguration;
			buildSettings = {
				ALWAYS_SEARCH_USER_PATHS = NO;
				CLANG_ANALYZER_NONNULL = YES;
				CLANG_ANALYZER_NUMBER_OBJECT_CONVERSION = YES_AGGRESSIVE;
				CLANG_CXX_LANGUAGE_STANDARD = "gnu++14";
				CLANG_CXX_LIBRARY = "libc++";
				CLANG_ENABLE_MODULES = YES;
				CLANG_ENABLE_OBJC_ARC = YES;
				CLANG_ENABLE_OBJC_WEAK = YES;
				CLANG_WARN_BLOCK_CAPTURE_AUTORELEASING = YES;
				CLANG_WARN_BOOL_CONVERSION = YES;
				CLANG_WARN_COMMA = YES;
				CLANG_WARN_CONSTANT_CONVERSION = YES;
				CLANG_WARN_DEPRECATED_OBJC_IMPLEMENTATIONS = YES;
				CLANG_WARN_DIRECT_OBJC_ISA_USAGE = YES_ERROR;
				CLANG_WARN_DOCUMENTATION_COMMENTS = YES;
				CLANG_WARN_EMPTY_BODY = YES;
				CLANG_WARN_ENUM_CONVERSION = YES;
				CLANG_WARN_INFINITE_RECURSION = YES;
				CLANG_WARN_INT_CONVERSION = YES;
				CLANG_WARN_NON_LITERAL_NULL_CONVERSION = YES;
				CLANG_WARN_OBJC_IMPLICIT_RETAIN_SELF = YES;
				CLANG_WARN_OBJC_LITERAL_CONVERSION = YES;
				CLANG_WARN_OBJC_ROOT_CLASS = YES_ERROR;
				CLANG_WARN_RANGE_LOOP_ANALYSIS = YES;
				CLANG_WARN_STRICT_PROTOTYPES = YES;
				CLANG_WARN_SUSPICIOUS_MOVE = YES;
				CLANG_WARN_UNGUARDED_AVAILABILITY = YES_AGGRESSIVE;
				CLANG_WARN_UNREACHABLE_CODE = YES;
				CLANG_WARN__DUPLICATE_METHOD_MATCH = YES;
				COPY_PHASE_STRIP = NO;
				DEBUG_INFORMATION_FORMAT = dwarf;
				ENABLE_STRICT_OBJC_MSGSEND = YES;
				ENABLE_TESTABILITY = YES;
				GCC_C_LANGUAGE_STANDARD = gnu11;
				GCC_DYNAMIC_NO_PIC = NO;
				GCC_NO_COMMON_BLOCKS = YES;
				GCC_OPTIMIZATION_LEVEL = 0;
				GCC_PREPROCESSOR_DEFINITIONS = (
					"DEBUG=1",
					"$(inherited)",
				);
				GCC_WARN_64_TO_32_BIT_CONVERSION = YES;
				GCC_WARN_ABOUT_RETURN_TYPE = YES_ERROR;
				GCC_WARN_UNDECLARED_SELECTOR = YES;
				GCC_WARN_UNINITIALIZED_AUTOS = YES_AGGRESSIVE;
				GCC_WARN_UNUSED_FUNCTION = YES;
				GCC_WARN_UNUSED_VARIABLE = YES;
				IPHONEOS_DEPLOYMENT_TARGET = 13.1;
				MTL_ENABLE_DEBUG_INFO = INCLUDE_SOURCE;
				MTL_FAST_MATH = YES;
				ONLY_ACTIVE_ARCH = YES;
				SDKROOT = iphoneos;
				SWIFT_ACTIVE_COMPILATION_CONDITIONS = DEBUG;
				SWIFT_OPTIMIZATION_LEVEL = "-Onone";
			};
			name = Debug;
		};
		B5E8B5D323D8444F00B4B5A6 /* Release */ = {
			isa = XCBuildConfiguration;
			buildSettings = {
				ALWAYS_SEARCH_USER_PATHS = NO;
				CLANG_ANALYZER_NONNULL = YES;
				CLANG_ANALYZER_NUMBER_OBJECT_CONVERSION = YES_AGGRESSIVE;
				CLANG_CXX_LANGUAGE_STANDARD = "gnu++14";
				CLANG_CXX_LIBRARY = "libc++";
				CLANG_ENABLE_MODULES = YES;
				CLANG_ENABLE_OBJC_ARC = YES;
				CLANG_ENABLE_OBJC_WEAK = YES;
				CLANG_WARN_BLOCK_CAPTURE_AUTORELEASING = YES;
				CLANG_WARN_BOOL_CONVERSION = YES;
				CLANG_WARN_COMMA = YES;
				CLANG_WARN_CONSTANT_CONVERSION = YES;
				CLANG_WARN_DEPRECATED_OBJC_IMPLEMENTATIONS = YES;
				CLANG_WARN_DIRECT_OBJC_ISA_USAGE = YES_ERROR;
				CLANG_WARN_DOCUMENTATION_COMMENTS = YES;
				CLANG_WARN_EMPTY_BODY = YES;
				CLANG_WARN_ENUM_CONVERSION = YES;
				CLANG_WARN_INFINITE_RECURSION = YES;
				CLANG_WARN_INT_CONVERSION = YES;
				CLANG_WARN_NON_LITERAL_NULL_CONVERSION = YES;
				CLANG_WARN_OBJC_IMPLICIT_RETAIN_SELF = YES;
				CLANG_WARN_OBJC_LITERAL_CONVERSION = YES;
				CLANG_WARN_OBJC_ROOT_CLASS = YES_ERROR;
				CLANG_WARN_RANGE_LOOP_ANALYSIS = YES;
				CLANG_WARN_STRICT_PROTOTYPES = YES;
				CLANG_WARN_SUSPICIOUS_MOVE = YES;
				CLANG_WARN_UNGUARDED_AVAILABILITY = YES_AGGRESSIVE;
				CLANG_WARN_UNREACHABLE_CODE = YES;
				CLANG_WARN__DUPLICATE_METHOD_MATCH = YES;
				COPY_PHASE_STRIP = NO;
				DEBUG_INFORMATION_FORMAT = "dwarf-with-dsym";
				ENABLE_NS_ASSERTIONS = NO;
				ENABLE_STRICT_OBJC_MSGSEND = YES;
				GCC_C_LANGUAGE_STANDARD = gnu11;
				GCC_NO_COMMON_BLOCKS = YES;
				GCC_WARN_64_TO_32_BIT_CONVERSION = YES;
				GCC_WARN_ABOUT_RETURN_TYPE = YES_ERROR;
				GCC_WARN_UNDECLARED_SELECTOR = YES;
				GCC_WARN_UNINITIALIZED_AUTOS = YES_AGGRESSIVE;
				GCC_WARN_UNUSED_FUNCTION = YES;
				GCC_WARN_UNUSED_VARIABLE = YES;
				IPHONEOS_DEPLOYMENT_TARGET = 13.1;
				MTL_ENABLE_DEBUG_INFO = NO;
				MTL_FAST_MATH = YES;
				SDKROOT = iphoneos;
				SWIFT_COMPILATION_MODE = wholemodule;
				SWIFT_OPTIMIZATION_LEVEL = "-O";
				VALIDATE_PRODUCT = YES;
			};
			name = Release;
		};
		B5E8B5D523D8444F00B4B5A6 /* Debug */ = {
			isa = XCBuildConfiguration;
			buildSettings = {
				ASSETCATALOG_COMPILER_APPICON_NAME = AppIcon;
				CODE_SIGN_STYLE = Automatic;
				INFOPLIST_FILE = TestRest/Info.plist;
				LD_RUNPATH_SEARCH_PATHS = (
					"$(inherited)",
					"@executable_path/Frameworks",
				);
				PRODUCT_BUNDLE_IDENTIFIER = be.ehb.TestRest;
				PRODUCT_NAME = "$(TARGET_NAME)";
				SWIFT_VERSION = 5.0;
				TARGETED_DEVICE_FAMILY = 1;
			};
			name = Debug;
		};
		B5E8B5D623D8444F00B4B5A6 /* Release */ = {
			isa = XCBuildConfiguration;
			buildSettings = {
				ASSETCATALOG_COMPILER_APPICON_NAME = AppIcon;
				CODE_SIGN_STYLE = Automatic;
				INFOPLIST_FILE = TestRest/Info.plist;
				LD_RUNPATH_SEARCH_PATHS = (
					"$(inherited)",
					"@executable_path/Frameworks",
				);
				PRODUCT_BUNDLE_IDENTIFIER = be.ehb.TestRest;
				PRODUCT_NAME = "$(TARGET_NAME)";
				SWIFT_VERSION = 5.0;
				TARGETED_DEVICE_FAMILY = 1;
			};
			name = Release;
		};
/* End XCBuildConfiguration section */

/* Begin XCConfigurationList section */
		B5E8B5BB23D8444D00B4B5A6 /* Build configuration list for PBXProject "TestRest" */ = {
			isa = XCConfigurationList;
			buildConfigurations = (
				B5E8B5D223D8444F00B4B5A6 /* Debug */,
				B5E8B5D323D8444F00B4B5A6 /* Release */,
			);
			defaultConfigurationIsVisible = 0;
			defaultConfigurationName = Release;
		};
		B5E8B5D423D8444F00B4B5A6 /* Build configuration list for PBXNativeTarget "TestRest" */ = {
			isa = XCConfigurationList;
			buildConfigurations = (
				B5E8B5D523D8444F00B4B5A6 /* Debug */,
				B5E8B5D623D8444F00B4B5A6 /* Release */,
			);
			defaultConfigurationIsVisible = 0;
			defaultConfigurationName = Release;
		};
/* End XCConfigurationList section */
	};
	rootObject = B5E8B5B823D8444D00B4B5A6 /* Project object */;
}
